
Microsoft Visual Studio Solution File, Format Version 12.00
# Visual Studio Version 17
VisualStudioVersion = 17.1.32421.90
MinimumVisualStudioVersion = 10.0.40219.1
Project("{9A19103F-16F7-4668-BE54-9A1E7A4F7556}") = "OrderService.iikoTransportApi", "OrderService.iikoTransportApi\OrderService.iikoTransportApi.csproj", "{3C8BFE03-CDD6-4B2C-BC03-D36950CA4570}"
EndProject
Project("{9A19103F-16F7-4668-BE54-9A1E7A4F7556}") = "OrderService.iikoTransportApi.Tests", "OrderService.iikoTransportApi.Tests\OrderService.iikoTransportApi.Tests.csproj", "{212E9DBD-5990-4CDF-B603-07716892BB6B}"
EndProject
Project("{54A90642-561A-4BB1-A94E-469ADEE60C69}") = "OrderService.Frontend", "OrderService.Frontend\OrderService.Frontend.esproj", "{7E7D5C19-1D7A-4AAD-9AE4-BCE39A2C3B4E}"
EndProject
Project("{FAE04EC0-301F-11D3-BF4B-00C04F79EFBC}") = "OrderService.Telegram.Bot", "OrderService.Telegram.Bot\OrderService.Telegram.Bot.csproj", "{1E824D86-A35C-418A-9642-F89C12E3FA31}"
EndProject
Project("{FAE04EC0-301F-11D3-BF4B-00C04F79EFBC}") = "OrderService.Telegram.Bot.Runner", "OrderService.Telegram.Bot.Runner\OrderService.Telegram.Bot.Runner.csproj", "{009A8B03-3C1A-4B19-BF24-3FC34448BB76}"
EndProject
Global
	GlobalSection(SolutionConfigurationPlatforms) = preSolution
		Debug|Any CPU = Debug|Any CPU
		Release|Any CPU = Release|Any CPU
	EndGlobalSection
	GlobalSection(ProjectConfigurationPlatforms) = postSolution
		{3C8BFE03-CDD6-4B2C-BC03-D36950CA4570}.Debug|Any CPU.ActiveCfg = Debug|Any CPU
		{3C8BFE03-CDD6-4B2C-BC03-D36950CA4570}.Debug|Any CPU.Build.0 = Debug|Any CPU
		{3C8BFE03-CDD6-4B2C-BC03-D36950CA4570}.Release|Any CPU.ActiveCfg = Release|Any CPU
		{3C8BFE03-CDD6-4B2C-BC03-D36950CA4570}.Release|Any CPU.Build.0 = Release|Any CPU
		{212E9DBD-5990-4CDF-B603-07716892BB6B}.Debug|Any CPU.ActiveCfg = Debug|Any CPU
		{212E9DBD-5990-4CDF-B603-07716892BB6B}.Debug|Any CPU.Build.0 = Debug|Any CPU
		{212E9DBD-5990-4CDF-B603-07716892BB6B}.Release|Any CPU.ActiveCfg = Release|Any CPU
		{212E9DBD-5990-4CDF-B603-07716892BB6B}.Release|Any CPU.Build.0 = Release|Any CPU
		{7E7D5C19-1D7A-4AAD-9AE4-BCE39A2C3B4E}.Debug|Any CPU.ActiveCfg = Debug|Any CPU
		{7E7D5C19-1D7A-4AAD-9AE4-BCE39A2C3B4E}.Debug|Any CPU.Build.0 = Debug|Any CPU
		{7E7D5C19-1D7A-4AAD-9AE4-BCE39A2C3B4E}.Debug|Any CPU.Deploy.0 = Debug|Any CPU
		{7E7D5C19-1D7A-4AAD-9AE4-BCE39A2C3B4E}.Release|Any CPU.ActiveCfg = Release|Any CPU
		{7E7D5C19-1D7A-4AAD-9AE4-BCE39A2C3B4E}.Release|Any CPU.Build.0 = Release|Any CPU
		{7E7D5C19-1D7A-4AAD-9AE4-BCE39A2C3B4E}.Release|Any CPU.Deploy.0 = Release|Any CPU
		{1E824D86-A35C-418A-9642-F89C12E3FA31}.Debug|Any CPU.ActiveCfg = Debug|Any CPU
		{1E824D86-A35C-418A-9642-F89C12E3FA31}.Debug|Any CPU.Build.0 = Debug|Any CPU
		{1E824D86-A35C-418A-9642-F89C12E3FA31}.Release|Any CPU.ActiveCfg = Release|Any CPU
		{1E824D86-A35C-418A-9642-F89C12E3FA31}.Release|Any CPU.Build.0 = Release|Any CPU
		{009A8B03-3C1A-4B19-BF24-3FC34448BB76}.Debug|Any CPU.ActiveCfg = Debug|Any CPU
		{009A8B03-3C1A-4B19-BF24-3FC34448BB76}.Debug|Any CPU.Build.0 = Debug|Any CPU
		{009A8B03-3C1A-4B19-BF24-3FC34448BB76}.Release|Any CPU.ActiveCfg = Release|Any CPU
		{009A8B03-3C1A-4B19-BF24-3FC34448BB76}.Release|Any CPU.Build.0 = Release|Any CPU
	EndGlobalSection
	GlobalSection(SolutionProperties) = preSolution
		HideSolutionNode = FALSE
	EndGlobalSection
	GlobalSection(ExtensibilityGlobals) = postSolution
		SolutionGuid = {641230DE-8513-4E9B-A620-5E94B017E72F}
	EndGlobalSection
EndGlobal
